// !$*UTF8*$!
{
	archiveVersion = 1;
	classes = {
	};
	objectVersion = 46;
	objects = {

/* Begin PBXBuildFile section */
		11364FE11D2F05BA0054714B /* FirstVC.swift in Sources */ = {isa = PBXBuildFile; fileRef = 11364FE01D2F05BA0054714B /* FirstVC.swift */; };
		11364FE51D2F52430054714B /* MainViewControllerClass.swift in Sources */ = {isa = PBXBuildFile; fileRef = 11364FE41D2F52430054714B /* MainViewControllerClass.swift */; };
		11364FED1D2F80B70054714B /* MainTextFieldClass.swift in Sources */ = {isa = PBXBuildFile; fileRef = 11364FEC1D2F80B70054714B /* MainTextFieldClass.swift */; };
		11364FEF1D2F83990054714B /* MainTextViewClass.swift in Sources */ = {isa = PBXBuildFile; fileRef = 11364FEE1D2F83990054714B /* MainTextViewClass.swift */; };
		11364FF31D2F87D20054714B /* EmailSignupVC.swift in Sources */ = {isa = PBXBuildFile; fileRef = 11364FF21D2F87D20054714B /* EmailSignupVC.swift */; };
		1172F7B41D2D79450048CDA1 /* AppDelegate.swift in Sources */ = {isa = PBXBuildFile; fileRef = 1172F7B31D2D79450048CDA1 /* AppDelegate.swift */; };
		1172F7B91D2D79450048CDA1 /* Main.storyboard in Resources */ = {isa = PBXBuildFile; fileRef = 1172F7B71D2D79450048CDA1 /* Main.storyboard */; };
		1172F7BB1D2D79450048CDA1 /* Assets.xcassets in Resources */ = {isa = PBXBuildFile; fileRef = 1172F7BA1D2D79450048CDA1 /* Assets.xcassets */; };
		1172F7BE1D2D79450048CDA1 /* LaunchScreen.storyboard in Resources */ = {isa = PBXBuildFile; fileRef = 1172F7BC1D2D79450048CDA1 /* LaunchScreen.storyboard */; };
		1172F7C61D2D7B830048CDA1 /* GoogleService-Info.plist in Resources */ = {isa = PBXBuildFile; fileRef = 1172F7C51D2D7B830048CDA1 /* GoogleService-Info.plist */; };
		3F12DC1B1D303CA300A2FE96 /* DataService.swift in Sources */ = {isa = PBXBuildFile; fileRef = 3F12DC1A1D303CA300A2FE96 /* DataService.swift */; };
		3F7CCF311D2DA1330018D9B4 /* AddFavorsVC.swift in Sources */ = {isa = PBXBuildFile; fileRef = 3F7CCF2F1D2DA1330018D9B4 /* AddFavorsVC.swift */; };
		3F7CCF321D2DA1330018D9B4 /* FavorsVC.swift in Sources */ = {isa = PBXBuildFile; fileRef = 3F7CCF301D2DA1330018D9B4 /* FavorsVC.swift */; };
		3FD88E481D2F19DA00164E33 /* FavorData.swift in Sources */ = {isa = PBXBuildFile; fileRef = 3FD88E471D2F19DA00164E33 /* FavorData.swift */; };
		58410A3A1D2DB18D00A1460F /* EmailLogInVC.swift in Sources */ = {isa = PBXBuildFile; fileRef = 58410A391D2DB18D00A1460F /* EmailLogInVC.swift */; };
		58C3F81A1D2EF9C800C98EF8 /* TableViewCell.swift in Sources */ = {isa = PBXBuildFile; fileRef = 58C3F8191D2EF9C800C98EF8 /* TableViewCell.swift */; };
		EBB99215FFEA3E50CC5D3AE0 /* Pods_favor_manager.framework in Frameworks */ = {isa = PBXBuildFile; fileRef = F675BC48BC048139B9A85C22 /* Pods_favor_manager.framework */; };
/* End PBXBuildFile section */

/* Begin PBXFileReference section */
		11364FE01D2F05BA0054714B /* FirstVC.swift */ = {isa = PBXFileReference; fileEncoding = 4; lastKnownFileType = sourcecode.swift; path = FirstVC.swift; sourceTree = "<group>"; };
		11364FE41D2F52430054714B /* MainViewControllerClass.swift */ = {isa = PBXFileReference; fileEncoding = 4; lastKnownFileType = sourcecode.swift; path = MainViewControllerClass.swift; sourceTree = "<group>"; };
		11364FEC1D2F80B70054714B /* MainTextFieldClass.swift */ = {isa = PBXFileReference; fileEncoding = 4; lastKnownFileType = sourcecode.swift; path = MainTextFieldClass.swift; sourceTree = "<group>"; };
		11364FEE1D2F83990054714B /* MainTextViewClass.swift */ = {isa = PBXFileReference; fileEncoding = 4; lastKnownFileType = sourcecode.swift; path = MainTextViewClass.swift; sourceTree = "<group>"; };
		11364FF21D2F87D20054714B /* EmailSignupVC.swift */ = {isa = PBXFileReference; fileEncoding = 4; lastKnownFileType = sourcecode.swift; path = EmailSignupVC.swift; sourceTree = "<group>"; };
		1172F7B01D2D79450048CDA1 /* favor-manager.app */ = {isa = PBXFileReference; explicitFileType = wrapper.application; includeInIndex = 0; path = "favor-manager.app"; sourceTree = BUILT_PRODUCTS_DIR; };
		1172F7B31D2D79450048CDA1 /* AppDelegate.swift */ = {isa = PBXFileReference; lastKnownFileType = sourcecode.swift; path = AppDelegate.swift; sourceTree = "<group>"; };
		1172F7B81D2D79450048CDA1 /* Base */ = {isa = PBXFileReference; lastKnownFileType = file.storyboard; name = Base; path = Base.lproj/Main.storyboard; sourceTree = "<group>"; };
		1172F7BA1D2D79450048CDA1 /* Assets.xcassets */ = {isa = PBXFileReference; lastKnownFileType = folder.assetcatalog; path = Assets.xcassets; sourceTree = "<group>"; };
		1172F7BD1D2D79450048CDA1 /* Base */ = {isa = PBXFileReference; lastKnownFileType = file.storyboard; name = Base; path = Base.lproj/LaunchScreen.storyboard; sourceTree = "<group>"; };
		1172F7BF1D2D79450048CDA1 /* Info.plist */ = {isa = PBXFileReference; lastKnownFileType = text.plist.xml; path = Info.plist; sourceTree = "<group>"; };
		1172F7C51D2D7B830048CDA1 /* GoogleService-Info.plist */ = {isa = PBXFileReference; fileEncoding = 4; lastKnownFileType = text.plist.xml; path = "GoogleService-Info.plist"; sourceTree = "<group>"; };
		3F12DC1A1D303CA300A2FE96 /* DataService.swift */ = {isa = PBXFileReference; fileEncoding = 4; lastKnownFileType = sourcecode.swift; name = DataService.swift; path = "favor-manager/DataService.swift"; sourceTree = SOURCE_ROOT; };
		3F7CCF2F1D2DA1330018D9B4 /* AddFavorsVC.swift */ = {isa = PBXFileReference; fileEncoding = 4; lastKnownFileType = sourcecode.swift; path = AddFavorsVC.swift; sourceTree = "<group>"; };
		3F7CCF301D2DA1330018D9B4 /* FavorsVC.swift */ = {isa = PBXFileReference; fileEncoding = 4; lastKnownFileType = sourcecode.swift; path = FavorsVC.swift; sourceTree = "<group>"; };
		3FD88E471D2F19DA00164E33 /* FavorData.swift */ = {isa = PBXFileReference; fileEncoding = 4; lastKnownFileType = sourcecode.swift; name = FavorData.swift; path = "favor-manager/FavorData.swift"; sourceTree = SOURCE_ROOT; };
		58410A391D2DB18D00A1460F /* EmailLogInVC.swift */ = {isa = PBXFileReference; fileEncoding = 4; lastKnownFileType = sourcecode.swift; path = EmailLogInVC.swift; sourceTree = "<group>"; };
		58C3F8191D2EF9C800C98EF8 /* TableViewCell.swift */ = {isa = PBXFileReference; fileEncoding = 4; lastKnownFileType = sourcecode.swift; path = TableViewCell.swift; sourceTree = "<group>"; };
		62B67708520BFD845DC3C0ED /* Pods-favor-manager.debug.xcconfig */ = {isa = PBXFileReference; includeInIndex = 1; lastKnownFileType = text.xcconfig; name = "Pods-favor-manager.debug.xcconfig"; path = "Pods/Target Support Files/Pods-favor-manager/Pods-favor-manager.debug.xcconfig"; sourceTree = "<group>"; };
		DBCDAA60C0FD8198EB293C7F /* Pods-favor-manager.release.xcconfig */ = {isa = PBXFileReference; includeInIndex = 1; lastKnownFileType = text.xcconfig; name = "Pods-favor-manager.release.xcconfig"; path = "Pods/Target Support Files/Pods-favor-manager/Pods-favor-manager.release.xcconfig"; sourceTree = "<group>"; };
		F675BC48BC048139B9A85C22 /* Pods_favor_manager.framework */ = {isa = PBXFileReference; explicitFileType = wrapper.framework; includeInIndex = 0; path = Pods_favor_manager.framework; sourceTree = BUILT_PRODUCTS_DIR; };
/* End PBXFileReference section */

/* Begin PBXFrameworksBuildPhase section */
		1172F7AD1D2D79450048CDA1 /* Frameworks */ = {
			isa = PBXFrameworksBuildPhase;
			buildActionMask = 2147483647;
			files = (
				EBB99215FFEA3E50CC5D3AE0 /* Pods_favor_manager.framework in Frameworks */,
			);
			runOnlyForDeploymentPostprocessing = 0;
		};
/* End PBXFrameworksBuildPhase section */

/* Begin PBXGroup section */
		1172F7A71D2D79450048CDA1 = {
			isa = PBXGroup;
			children = (
				1172F7B21D2D79450048CDA1 /* favor-manager */,
				1172F7B11D2D79450048CDA1 /* Products */,
				D0DE367C11B13F1DD7A7C1A3 /* Pods */,
				5D7F4094E3B7BC6BA9FB71D5 /* Frameworks */,
			);
			sourceTree = "<group>";
		};
		1172F7B11D2D79450048CDA1 /* Products */ = {
			isa = PBXGroup;
			children = (
				1172F7B01D2D79450048CDA1 /* favor-manager.app */,
			);
			name = Products;
			sourceTree = "<group>";
		};
		1172F7B21D2D79450048CDA1 /* favor-manager */ = {
			isa = PBXGroup;
			children = (
				58C3F8161D2EF8C100C98EF8 /* Helpers */,
				58C3F8171D2EF8C100C98EF8 /* Model */,
				58C3F8181D2EF8C100C98EF8 /* View */,
				3F7CCF2E1D2DA1330018D9B4 /* Controllers */,
				1172F7B31D2D79450048CDA1 /* AppDelegate.swift */,
				1172F7B71D2D79450048CDA1 /* Main.storyboard */,
				1172F7BA1D2D79450048CDA1 /* Assets.xcassets */,
				1172F7BC1D2D79450048CDA1 /* LaunchScreen.storyboard */,
				1172F7BF1D2D79450048CDA1 /* Info.plist */,
				1172F7C51D2D7B830048CDA1 /* GoogleService-Info.plist */,
			);
			path = "favor-manager";
			sourceTree = "<group>";
		};
		3F7CCF2E1D2DA1330018D9B4 /* Controllers */ = {
			isa = PBXGroup;
			children = (
				11364FE01D2F05BA0054714B /* FirstVC.swift */,
				58410A391D2DB18D00A1460F /* EmailLogInVC.swift */,
				11364FF21D2F87D20054714B /* EmailSignupVC.swift */,
				3F7CCF301D2DA1330018D9B4 /* FavorsVC.swift */,
				3F7CCF2F1D2DA1330018D9B4 /* AddFavorsVC.swift */,
			);
			name = Controllers;
			path = "View Controllers";
			sourceTree = "<group>";
		};
		58C3F8161D2EF8C100C98EF8 /* Helpers */ = {
			isa = PBXGroup;
			children = (
				3F12DC1A1D303CA300A2FE96 /* DataService.swift */,
			);
			path = Helpers;
			sourceTree = "<group>";
		};
		58C3F8171D2EF8C100C98EF8 /* Model */ = {
			isa = PBXGroup;
			children = (
				3FD88E471D2F19DA00164E33 /* FavorData.swift */,
			);
			path = Model;
			sourceTree = "<group>";
		};
		58C3F8181D2EF8C100C98EF8 /* View */ = {
			isa = PBXGroup;
			children = (
				58C3F8191D2EF9C800C98EF8 /* TableViewCell.swift */,
				11364FE41D2F52430054714B /* MainViewControllerClass.swift */,
				11364FEC1D2F80B70054714B /* MainTextFieldClass.swift */,
				11364FEE1D2F83990054714B /* MainTextViewClass.swift */,
			);
			path = View;
			sourceTree = "<group>";
		};
		5D7F4094E3B7BC6BA9FB71D5 /* Frameworks */ = {
			isa = PBXGroup;
			children = (
				F675BC48BC048139B9A85C22 /* Pods_favor_manager.framework */,
			);
			name = Frameworks;
			sourceTree = "<group>";
		};
		D0DE367C11B13F1DD7A7C1A3 /* Pods */ = {
			isa = PBXGroup;
			children = (
				62B67708520BFD845DC3C0ED /* Pods-favor-manager.debug.xcconfig */,
				DBCDAA60C0FD8198EB293C7F /* Pods-favor-manager.release.xcconfig */,
			);
			name = Pods;
			sourceTree = "<group>";
		};
/* End PBXGroup section */

/* Begin PBXNativeTarget section */
		1172F7AF1D2D79450048CDA1 /* favor-manager */ = {
			isa = PBXNativeTarget;
			buildConfigurationList = 1172F7C21D2D79450048CDA1 /* Build configuration list for PBXNativeTarget "favor-manager" */;
			buildPhases = (
				1CF744D9584C6BC528F0D512 /* [CP] Check Pods Manifest.lock */,
				1172F7AC1D2D79450048CDA1 /* Sources */,
				1172F7AD1D2D79450048CDA1 /* Frameworks */,
				1172F7AE1D2D79450048CDA1 /* Resources */,
				4DF5E3090286ECF25C569DA4 /* [CP] Embed Pods Frameworks */,
				E250B7A0C3B41638A53A75F4 /* [CP] Copy Pods Resources */,
			);
			buildRules = (
			);
			dependencies = (
			);
			name = "favor-manager";
			productName = "favor-manager";
			productReference = 1172F7B01D2D79450048CDA1 /* favor-manager.app */;
			productType = "com.apple.product-type.application";
		};
/* End PBXNativeTarget section */

/* Begin PBXProject section */
		1172F7A81D2D79450048CDA1 /* Project object */ = {
			isa = PBXProject;
			attributes = {
				LastSwiftUpdateCheck = 0730;
				LastUpgradeCheck = 0730;
				ORGANIZATIONNAME = "Vyacheslav Horbach";
				TargetAttributes = {
					1172F7AF1D2D79450048CDA1 = {
						CreatedOnToolsVersion = 7.3.1;
						DevelopmentTeam = V3842HRTVR;
					};
				};
			};
			buildConfigurationList = 1172F7AB1D2D79450048CDA1 /* Build configuration list for PBXProject "favor-manager" */;
			compatibilityVersion = "Xcode 3.2";
			developmentRegion = English;
			hasScannedForEncodings = 0;
			knownRegions = (
				en,
				Base,
			);
			mainGroup = 1172F7A71D2D79450048CDA1;
			productRefGroup = 1172F7B11D2D79450048CDA1 /* Products */;
			projectDirPath = "";
			projectRoot = "";
			targets = (
				1172F7AF1D2D79450048CDA1 /* favor-manager */,
			);
		};
/* End PBXProject section */

/* Begin PBXResourcesBuildPhase section */
		1172F7AE1D2D79450048CDA1 /* Resources */ = {
			isa = PBXResourcesBuildPhase;
			buildActionMask = 2147483647;
			files = (
				1172F7BE1D2D79450048CDA1 /* LaunchScreen.storyboard in Resources */,
				1172F7C61D2D7B830048CDA1 /* GoogleService-Info.plist in Resources */,
				1172F7BB1D2D79450048CDA1 /* Assets.xcassets in Resources */,
				1172F7B91D2D79450048CDA1 /* Main.storyboard in Resources */,
			);
			runOnlyForDeploymentPostprocessing = 0;
		};
/* End PBXResourcesBuildPhase section */

/* Begin PBXShellScriptBuildPhase section */
		1CF744D9584C6BC528F0D512 /* [CP] Check Pods Manifest.lock */ = {
			isa = PBXShellScriptBuildPhase;
			buildActionMask = 2147483647;
			files = (
			);
			inputPaths = (
			);
			name = "[CP] Check Pods Manifest.lock";
			outputPaths = (
			);
			runOnlyForDeploymentPostprocessing = 0;
			shellPath = /bin/sh;
			shellScript = "diff \"${PODS_ROOT}/../Podfile.lock\" \"${PODS_ROOT}/Manifest.lock\" > /dev/null\nif [[ $? != 0 ]] ; then\n    cat << EOM\nerror: The sandbox is not in sync with the Podfile.lock. Run 'pod install' or update your CocoaPods installation.\nEOM\n    exit 1\nfi\n";
			showEnvVarsInLog = 0;
		};
		4DF5E3090286ECF25C569DA4 /* [CP] Embed Pods Frameworks */ = {
			isa = PBXShellScriptBuildPhase;
			buildActionMask = 2147483647;
			files = (
			);
			inputPaths = (
			);
			name = "[CP] Embed Pods Frameworks";
			outputPaths = (
			);
			runOnlyForDeploymentPostprocessing = 0;
			shellPath = /bin/sh;
			shellScript = "\"${SRCROOT}/Pods/Target Support Files/Pods-favor-manager/Pods-favor-manager-frameworks.sh\"\n";
			showEnvVarsInLog = 0;
		};
		E250B7A0C3B41638A53A75F4 /* [CP] Copy Pods Resources */ = {
			isa = PBXShellScriptBuildPhase;
			buildActionMask = 2147483647;
			files = (
			);
			inputPaths = (
			);
			name = "[CP] Copy Pods Resources";
			outputPaths = (
			);
			runOnlyForDeploymentPostprocessing = 0;
			shellPath = /bin/sh;
			shellScript = "\"${SRCROOT}/Pods/Target Support Files/Pods-favor-manager/Pods-favor-manager-resources.sh\"\n";
			showEnvVarsInLog = 0;
		};
/* End PBXShellScriptBuildPhase section */

/* Begin PBXSourcesBuildPhase section */
		1172F7AC1D2D79450048CDA1 /* Sources */ = {
			isa = PBXSourcesBuildPhase;
			buildActionMask = 2147483647;
			files = (
				58410A3A1D2DB18D00A1460F /* EmailLogInVC.swift in Sources */,
				11364FE11D2F05BA0054714B /* FirstVC.swift in Sources */,
				1172F7B41D2D79450048CDA1 /* AppDelegate.swift in Sources */,
				3F12DC1B1D303CA300A2FE96 /* DataService.swift in Sources */,
				3F7CCF321D2DA1330018D9B4 /* FavorsVC.swift in Sources */,
				3FD88E481D2F19DA00164E33 /* FavorData.swift in Sources */,
				11364FF31D2F87D20054714B /* EmailSignupVC.swift in Sources */,
				3F7CCF311D2DA1330018D9B4 /* AddFavorsVC.swift in Sources */,
				11364FE51D2F52430054714B /* MainViewControllerClass.swift in Sources */,
				11364FED1D2F80B70054714B /* MainTextFieldClass.swift in Sources */,
				11364FEF1D2F83990054714B /* MainTextViewClass.swift in Sources */,
				58C3F81A1D2EF9C800C98EF8 /* TableViewCell.swift in Sources */,
			);
			runOnlyForDeploymentPostprocessing = 0;
		};
/* End PBXSourcesBuildPhase section */

/* Begin PBXVariantGroup section */
		1172F7B71D2D79450048CDA1 /* Main.storyboard */ = {
			isa = PBXVariantGroup;
			children = (
				1172F7B81D2D79450048CDA1 /* Base */,
			);
			name = Main.storyboard;
			sourceTree = "<group>";
		};
		1172F7BC1D2D79450048CDA1 /* LaunchScreen.storyboard */ = {
			isa = PBXVariantGroup;
			children = (
				1172F7BD1D2D79450048CDA1 /* Base */,
			);
			name = LaunchScreen.storyboard;
			sourceTree = "<group>";
		};
/* End PBXVariantGroup section */

/* Begin XCBuildConfiguration section */
		1172F7C01D2D79450048CDA1 /* Debug */ = {
			isa = XCBuildConfiguration;
			buildSettings = {
				ALWAYS_SEARCH_USER_PATHS = NO;
				CLANG_ANALYZER_NONNULL = YES;
				CLANG_CXX_LANGUAGE_STANDARD = "gnu++0x";
				CLANG_CXX_LIBRARY = "libc++";
				CLANG_ENABLE_MODULES = YES;
				CLANG_ENABLE_OBJC_ARC = YES;
				CLANG_WARN_BOOL_CONVERSION = YES;
				CLANG_WARN_CONSTANT_CONVERSION = YES;
				CLANG_WARN_DIRECT_OBJC_ISA_USAGE = YES_ERROR;
				CLANG_WARN_EMPTY_BODY = YES;
				CLANG_WARN_ENUM_CONVERSION = YES;
				CLANG_WARN_INT_CONVERSION = YES;
				CLANG_WARN_OBJC_ROOT_CLASS = YES_ERROR;
				CLANG_WARN_UNREACHABLE_CODE = YES;
				CLANG_WARN__DUPLICATE_METHOD_MATCH = YES;
				"CODE_SIGN_IDENTITY[sdk=iphoneos*]" = "iPhone Developer";
				COPY_PHASE_STRIP = NO;
				DEBUG_INFORMATION_FORMAT = dwarf;
				ENABLE_STRICT_OBJC_MSGSEND = YES;
				ENABLE_TESTABILITY = YES;
				GCC_C_LANGUAGE_STANDARD = gnu99;
				GCC_DYNAMIC_NO_PIC = NO;
				GCC_NO_COMMON_BLOCKS = YES;
				GCC_OPTIMIZATION_LEVEL = 0;
				GCC_PREPROCESSOR_DEFINITIONS = (
					"DEBUG=1",
					"$(inherited)",
				);
				GCC_WARN_64_TO_32_BIT_CONVERSION = YES;
				GCC_WARN_ABOUT_RETURN_TYPE = YES_ERROR;
				GCC_WARN_UNDECLARED_SELECTOR = YES;
				GCC_WARN_UNINITIALIZED_AUTOS = YES_AGGRESSIVE;
				GCC_WARN_UNUSED_FUNCTION = YES;
				GCC_WARN_UNUSED_VARIABLE = YES;
				IPHONEOS_DEPLOYMENT_TARGET = 9.3;
				MTL_ENABLE_DEBUG_INFO = YES;
				ONLY_ACTIVE_ARCH = YES;
				SDKROOT = iphoneos;
				SWIFT_OPTIMIZATION_LEVEL = "-Onone";
				TARGETED_DEVICE_FAMILY = "1,2";
			};
			name = Debug;
		};
		1172F7C11D2D79450048CDA1 /* Release */ = {
			isa = XCBuildConfiguration;
			buildSettings = {
				ALWAYS_SEARCH_USER_PATHS = NO;
				CLANG_ANALYZER_NONNULL = YES;
				CLANG_CXX_LANGUAGE_STANDARD = "gnu++0x";
				CLANG_CXX_LIBRARY = "libc++";
				CLANG_ENABLE_MODULES = YES;
				CLANG_ENABLE_OBJC_ARC = YES;
				CLANG_WARN_BOOL_CONVERSION = YES;
				CLANG_WARN_CONSTANT_CONVERSION = YES;
				CLANG_WARN_DIRECT_OBJC_ISA_USAGE = YES_ERROR;
				CLANG_WARN_EMPTY_BODY = YES;
				CLANG_WARN_ENUM_CONVERSION = YES;
				CLANG_WARN_INT_CONVERSION = YES;
				CLANG_WARN_OBJC_ROOT_CLASS = YES_ERROR;
				CLANG_WARN_UNREACHABLE_CODE = YES;
				CLANG_WARN__DUPLICATE_METHOD_MATCH = YES;
				"CODE_SIGN_IDENTITY[sdk=iphoneos*]" = "iPhone Developer";
				COPY_PHASE_STRIP = NO;
				DEBUG_INFORMATION_FORMAT = "dwarf-with-dsym";
				ENABLE_NS_ASSERTIONS = NO;
				ENABLE_STRICT_OBJC_MSGSEND = YES;
				GCC_C_LANGUAGE_STANDARD = gnu99;
				GCC_NO_COMMON_BLOCKS = YES;
				GCC_WARN_64_TO_32_BIT_CONVERSION = YES;
				GCC_WARN_ABOUT_RETURN_TYPE = YES_ERROR;
				GCC_WARN_UNDECLARED_SELECTOR = YES;
				GCC_WARN_UNINITIALIZED_AUTOS = YES_AGGRESSIVE;
				GCC_WARN_UNUSED_FUNCTION = YES;
				GCC_WARN_UNUSED_VARIABLE = YES;
				IPHONEOS_DEPLOYMENT_TARGET = 9.3;
				MTL_ENABLE_DEBUG_INFO = NO;
				SDKROOT = iphoneos;
				TARGETED_DEVICE_FAMILY = "1,2";
				VALIDATE_PRODUCT = YES;
			};
			name = Release;
		};
		1172F7C31D2D79450048CDA1 /* Debug */ = {
			isa = XCBuildConfiguration;
			baseConfigurationReference = 62B67708520BFD845DC3C0ED /* Pods-favor-manager.debug.xcconfig */;
			buildSettings = {
				ASSETCATALOG_COMPILER_APPICON_NAME = AppIcon;
				CLANG_ENABLE_MODULES = YES;
				CODE_SIGN_IDENTITY = "iPhone Developer";
				"CODE_SIGN_IDENTITY[sdk=iphoneos*]" = "iPhone Developer";
				INFOPLIST_FILE = "favor-manager/Info.plist";
				LD_RUNPATH_SEARCH_PATHS = "$(inherited) @executable_path/Frameworks";
				PRODUCT_BUNDLE_IDENTIFIER = "com.makeschool.favor-manager";
				PRODUCT_NAME = "$(TARGET_NAME)";
				PROVISIONING_PROFILE = "";
				SWIFT_OPTIMIZATION_LEVEL = "-Onone";
			};
			name = Debug;
		};
		1172F7C41D2D79450048CDA1 /* Release */ = {
			isa = XCBuildConfiguration;
			baseConfigurationReference = DBCDAA60C0FD8198EB293C7F /* Pods-favor-manager.release.xcconfig */;
			buildSettings = {
				ASSETCATALOG_COMPILER_APPICON_NAME = AppIcon;
				CLANG_ENABLE_MODULES = YES;
				CODE_SIGN_IDENTITY = "iPhone Developer";
				"CODE_SIGN_IDENTITY[sdk=iphoneos*]" = "iPhone Developer";
				INFOPLIST_FILE = "favor-manager/Info.plist";
				LD_RUNPATH_SEARCH_PATHS = "$(inherited) @executable_path/Frameworks";
				PRODUCT_BUNDLE_IDENTIFIER = "com.makeschool.favor-manager";
				PRODUCT_NAME = "$(TARGET_NAME)";
				PROVISIONING_PROFILE = "";
			};
			name = Release;
		};
/* End XCBuildConfiguration section */

/* Begin XCConfigurationList section */
		1172F7AB1D2D79450048CDA1 /* Build configuration list for PBXProject "favor-manager" */ = {
			isa = XCConfigurationList;
			buildConfigurations = (
				1172F7C01D2D79450048CDA1 /* Debug */,
				1172F7C11D2D79450048CDA1 /* Release */,
			);
			defaultConfigurationIsVisible = 0;
			defaultConfigurationName = Release;
		};
		1172F7C21D2D79450048CDA1 /* Build configuration list for PBXNativeTarget "favor-manager" */ = {
			isa = XCConfigurationList;
			buildConfigurations = (
				1172F7C31D2D79450048CDA1 /* Debug */,
				1172F7C41D2D79450048CDA1 /* Release */,
			);
			defaultConfigurationIsVisible = 0;
			defaultConfigurationName = Release;
		};
/* End XCConfigurationList section */
	};
	rootObject = 1172F7A81D2D79450048CDA1 /* Project object */;
}
